// !$*UTF8*$!
{
	archiveVersion = 1;
	classes = {
	};
	objectVersion = 50;
	objects = {

/* Begin PBXBuildFile section */
		9500CB0221F30F7900505875 /* colladainterface.cpp in Sources */ = {isa = PBXBuildFile; fileRef = 9500CAFD21F30F7900505875 /* colladainterface.cpp */; };
		9500CB0321F30F7900505875 /* banner.cpp in Sources */ = {isa = PBXBuildFile; fileRef = 9500CAFE21F30F7900505875 /* banner.cpp */; };
		9500CB0421F30F7900505875 /* main.cpp in Sources */ = {isa = PBXBuildFile; fileRef = 9500CB0121F30F7900505875 /* main.cpp */; };
		9500CB1221F3117000505875 /* main.cpp in Sources */ = {isa = PBXBuildFile; fileRef = 9500CB1021F3117000505875 /* main.cpp */; };
		9500CB3021F311ED00505875 /* getUserInput.cpp in Sources */ = {isa = PBXBuildFile; fileRef = 9500CB1321F311EC00505875 /* getUserInput.cpp */; };
		9500CB3121F311ED00505875 /* reflect.cpp in Sources */ = {isa = PBXBuildFile; fileRef = 9500CB1421F311EC00505875 /* reflect.cpp */; };
		9500CB3221F311ED00505875 /* buildRopesAndBoxes.cpp in Sources */ = {isa = PBXBuildFile; fileRef = 9500CB1621F311EC00505875 /* buildRopesAndBoxes.cpp */; };
		9500CB3321F311ED00505875 /* banner.cpp in Sources */ = {isa = PBXBuildFile; fileRef = 9500CB1821F311EC00505875 /* banner.cpp */; };
		9500CB3421F311ED00505875 /* sarcastic2.cpp in Sources */ = {isa = PBXBuildFile; fileRef = 9500CB1921F311EC00505875 /* sarcastic2.cpp */; };
		9500CB3521F311ED00505875 /* TxPowerPerRay.c in Sources */ = {isa = PBXBuildFile; fileRef = 9500CB1D21F311EC00505875 /* TxPowerPerRay.c */; };
		9500CB3621F311ED00505875 /* threadCore.cpp in Sources */ = {isa = PBXBuildFile; fileRef = 9500CB2021F311EC00505875 /* threadCore.cpp */; };
		9500CB3721F311ED00505875 /* RCS.c in Sources */ = {isa = PBXBuildFile; fileRef = 9500CB2121F311EC00505875 /* RCS.c */; };
		9500CB3821F311ED00505875 /* shadowRays.cpp in Sources */ = {isa = PBXBuildFile; fileRef = 9500CB2221F311EC00505875 /* shadowRays.cpp */; };
		9500CB3921F311ED00505875 /* ecef2SceneCoords.c in Sources */ = {isa = PBXBuildFile; fileRef = 9500CB2421F311EC00505875 /* ecef2SceneCoords.c */; };
		9500CB3A21F311ED00505875 /* tryReadFile.cpp in Sources */ = {isa = PBXBuildFile; fileRef = 9500CB2721F311EC00505875 /* tryReadFile.cpp */; };
		9500CB3B21F311ED00505875 /* accelerateTriangles.cpp in Sources */ = {isa = PBXBuildFile; fileRef = 9500CB2921F311ED00505875 /* accelerateTriangles.cpp */; };
		9500CB3C21F311ED00505875 /* buildRays.cpp in Sources */ = {isa = PBXBuildFile; fileRef = 9500CB2A21F311ED00505875 /* buildRays.cpp */; };
		9500CB3D21F311ED00505875 /* cpuPOField.cpp in Sources */ = {isa = PBXBuildFile; fileRef = 9500CB2E21F311ED00505875 /* cpuPOField.cpp */; };
		9500CB5721F3123E00505875 /* main.cpp in Sources */ = {isa = PBXBuildFile; fileRef = 9500CB4921F3123E00505875 /* main.cpp */; };
		9500CB5821F3123E00505875 /* oclReflect.cpp in Sources */ = {isa = PBXBuildFile; fileRef = 9500CB4E21F3123E00505875 /* oclReflect.cpp */; };
		9500CB5921F3123E00505875 /* oclRandomRays.cpp in Sources */ = {isa = PBXBuildFile; fileRef = 9500CB5021F3123E00505875 /* oclRandomRays.cpp */; };
		9500CB5A21F3123E00505875 /* buildKernel.cpp in Sources */ = {isa = PBXBuildFile; fileRef = 9500CB5121F3123E00505875 /* buildKernel.cpp */; };
		9500CB5B21F3123E00505875 /* bircsBanner.c in Sources */ = {isa = PBXBuildFile; fileRef = 9500CB5321F3123E00505875 /* bircsBanner.c */; };
		9500CB5C21F3123E00505875 /* oclBuildShadowRays.cpp in Sources */ = {isa = PBXBuildFile; fileRef = 9500CB5421F3123E00505875 /* oclBuildShadowRays.cpp */; };
		9500CB5D21F3123E00505875 /* threadCore.cpp in Sources */ = {isa = PBXBuildFile; fileRef = 9500CB5621F3123E00505875 /* threadCore.cpp */; };
		9500CB6C21F312A500505875 /* main.cpp in Sources */ = {isa = PBXBuildFile; fileRef = 9500CB6A21F312A400505875 /* main.cpp */; };
		9500CB7D21F312ED00505875 /* ecef2SceneCoords.cpp in Sources */ = {isa = PBXBuildFile; fileRef = 9500CB7B21F312ED00505875 /* ecef2SceneCoords.cpp */; };
		9500CB7E21F312ED00505875 /* main.cpp in Sources */ = {isa = PBXBuildFile; fileRef = 9500CB7C21F312ED00505875 /* main.cpp */; };
		9500CB9121F3137D00505875 /* SARTracebanner.cpp in Sources */ = {isa = PBXBuildFile; fileRef = 9500CB8A21F3137D00505875 /* SARTracebanner.cpp */; };
		9500CB9221F3137D00505875 /* getSARTraceUserInput.cpp in Sources */ = {isa = PBXBuildFile; fileRef = 9500CB8B21F3137D00505875 /* getSARTraceUserInput.cpp */; };
		9500CB9321F3137D00505875 /* SARTrace.cpp in Sources */ = {isa = PBXBuildFile; fileRef = 9500CB8D21F3137D00505875 /* SARTrace.cpp */; };
		9500CB9421F3137D00505875 /* traceThreadCore.cpp in Sources */ = {isa = PBXBuildFile; fileRef = 9500CB9021F3137D00505875 /* traceThreadCore.cpp */; };
		9500CBB021F313E800505875 /* tdpcore.c in Sources */ = {isa = PBXBuildFile; fileRef = 9500CBA021F313E700505875 /* tdpcore.c */; };
		9500CBB121F313E800505875 /* getUserInput.c in Sources */ = {isa = PBXBuildFile; fileRef = 9500CBA321F313E700505875 /* getUserInput.c */; };
		9500CBB221F313E800505875 /* getMemorySize.c in Sources */ = {isa = PBXBuildFile; fileRef = 9500CBA421F313E700505875 /* getMemorySize.c */; };
		9500CBB321F313E800505875 /* geotiffWrite.c in Sources */ = {isa = PBXBuildFile; fileRef = 9500CBA721F313E700505875 /* geotiffWrite.c */; };
		9500CBB421F313E800505875 /* oclSRPRanges.c in Sources */ = {isa = PBXBuildFile; fileRef = 9500CBA821F313E700505875 /* oclSRPRanges.c */; };
		9500CBB521F313E800505875 /* OpenCLUtils.c in Sources */ = {isa = PBXBuildFile; fileRef = 9500CBA921F313E700505875 /* OpenCLUtils.c */; };
		9500CBB621F313E800505875 /* topotrimSetup.c in Sources */ = {isa = PBXBuildFile; fileRef = 9500CBAA21F313E700505875 /* topotrimSetup.c */; };
		9500CBB721F313E800505875 /* tdp.c in Sources */ = {isa = PBXBuildFile; fileRef = 9500CBAB21F313E700505875 /* tdp.c */; };
		9500CBB821F313E800505875 /* banner.c in Sources */ = {isa = PBXBuildFile; fileRef = 9500CBAD21F313E800505875 /* banner.c */; };
		9500CBB921F313E800505875 /* createSurface.c in Sources */ = {isa = PBXBuildFile; fileRef = 9500CBAE21F313E800505875 /* createSurface.c */; };
/* End PBXBuildFile section */

/* Begin PBXCopyFilesBuildPhase section */
		9500CAD821F30D0600505875 /* CopyFiles */ = {
			isa = PBXCopyFilesBuildPhase;
			buildActionMask = 2147483647;
			dstPath = /usr/share/man/man1/;
			dstSubfolderSpec = 0;
			files = (
			);
			runOnlyForDeploymentPostprocessing = 1;
		};
		9500CAE621F30DA400505875 /* CopyFiles */ = {
			isa = PBXCopyFilesBuildPhase;
			buildActionMask = 2147483647;
			dstPath = /usr/share/man/man1/;
			dstSubfolderSpec = 0;
			files = (
			);
			runOnlyForDeploymentPostprocessing = 1;
		};
		9500CB0721F3112D00505875 /* CopyFiles */ = {
			isa = PBXCopyFilesBuildPhase;
			buildActionMask = 2147483647;
			dstPath = /usr/share/man/man1/;
			dstSubfolderSpec = 0;
			files = (
			);
			runOnlyForDeploymentPostprocessing = 1;
		};
		9500CB4021F3120E00505875 /* CopyFiles */ = {
			isa = PBXCopyFilesBuildPhase;
			buildActionMask = 2147483647;
			dstPath = /usr/share/man/man1/;
			dstSubfolderSpec = 0;
			files = (
			);
			runOnlyForDeploymentPostprocessing = 1;
		};
		9500CB6021F3127300505875 /* CopyFiles */ = {
			isa = PBXCopyFilesBuildPhase;
			buildActionMask = 2147483647;
			dstPath = /usr/share/man/man1/;
			dstSubfolderSpec = 0;
			files = (
			);
			runOnlyForDeploymentPostprocessing = 1;
		};
		9500CB6F21F312C600505875 /* CopyFiles */ = {
			isa = PBXCopyFilesBuildPhase;
			buildActionMask = 2147483647;
			dstPath = /usr/share/man/man1/;
			dstSubfolderSpec = 0;
			files = (
			);
			runOnlyForDeploymentPostprocessing = 1;
		};
		9500CB8121F3135800505875 /* CopyFiles */ = {
			isa = PBXCopyFilesBuildPhase;
			buildActionMask = 2147483647;
			dstPath = /usr/share/man/man1/;
			dstSubfolderSpec = 0;
			files = (
			);
			runOnlyForDeploymentPostprocessing = 1;
		};
		9500CB9721F313C500505875 /* CopyFiles */ = {
			isa = PBXCopyFilesBuildPhase;
			buildActionMask = 2147483647;
			dstPath = /usr/share/man/man1/;
			dstSubfolderSpec = 0;
			files = (
			);
			runOnlyForDeploymentPostprocessing = 1;
		};
/* End PBXCopyFilesBuildPhase section */

/* Begin PBXFileReference section */
		9500CADA21F30D0600505875 /* sarcastic */ = {isa = PBXFileReference; explicitFileType = "compiled.mach-o.executable"; includeInIndex = 0; path = sarcastic; sourceTree = BUILT_PRODUCTS_DIR; };
		9500CAE821F30DA400505875 /* colladaToPlyFile */ = {isa = PBXFileReference; explicitFileType = "compiled.mach-o.executable"; includeInIndex = 0; path = colladaToPlyFile; sourceTree = BUILT_PRODUCTS_DIR; };
		9500CAFD21F30F7900505875 /* colladainterface.cpp */ = {isa = PBXFileReference; fileEncoding = 4; lastKnownFileType = sourcecode.cpp.cpp; name = colladainterface.cpp; path = ../../../src/colladaToPlyFile/colladainterface.cpp; sourceTree = "<group>"; };
		9500CAFE21F30F7900505875 /* banner.cpp */ = {isa = PBXFileReference; fileEncoding = 4; lastKnownFileType = sourcecode.cpp.cpp; name = banner.cpp; path = ../../../src/colladaToPlyFile/banner.cpp; sourceTree = "<group>"; };
		9500CAFF21F30F7900505875 /* colladainterface.h */ = {isa = PBXFileReference; fileEncoding = 4; lastKnownFileType = sourcecode.c.h; name = colladainterface.h; path = ../../../src/colladaToPlyFile/colladainterface.h; sourceTree = "<group>"; };
		9500CB0021F30F7900505875 /* CTTVersion.h.in */ = {isa = PBXFileReference; fileEncoding = 4; lastKnownFileType = text; name = CTTVersion.h.in; path = ../../../src/colladaToPlyFile/CTTVersion.h.in; sourceTree = "<group>"; };
		9500CB0121F30F7900505875 /* main.cpp */ = {isa = PBXFileReference; fileEncoding = 4; lastKnownFileType = sourcecode.cpp.cpp; name = main.cpp; path = ../../../src/colladaToPlyFile/main.cpp; sourceTree = "<group>"; };
		9500CB0921F3112D00505875 /* materialise */ = {isa = PBXFileReference; explicitFileType = "compiled.mach-o.executable"; includeInIndex = 0; path = materialise; sourceTree = BUILT_PRODUCTS_DIR; };
		9500CB1021F3117000505875 /* main.cpp */ = {isa = PBXFileReference; fileEncoding = 4; lastKnownFileType = sourcecode.cpp.cpp; name = main.cpp; path = ../../../src/materialise/main.cpp; sourceTree = "<group>"; };
		9500CB1121F3117000505875 /* materialise_version.h.in */ = {isa = PBXFileReference; fileEncoding = 4; lastKnownFileType = text; name = materialise_version.h.in; path = ../../../src/materialise/materialise_version.h.in; sourceTree = "<group>"; };
		9500CB1321F311EC00505875 /* getUserInput.cpp */ = {isa = PBXFileReference; fileEncoding = 4; lastKnownFileType = sourcecode.cpp.cpp; name = getUserInput.cpp; path = ../../../src/sarcastic/getUserInput.cpp; sourceTree = "<group>"; };
		9500CB1421F311EC00505875 /* reflect.cpp */ = {isa = PBXFileReference; fileEncoding = 4; lastKnownFileType = sourcecode.cpp.cpp; name = reflect.cpp; path = ../../../src/sarcastic/reflect.cpp; sourceTree = "<group>"; };
		9500CB1521F311EC00505875 /* threadCore.hpp */ = {isa = PBXFileReference; fileEncoding = 4; lastKnownFileType = sourcecode.cpp.h; name = threadCore.hpp; path = ../../../src/sarcastic/threadCore.hpp; sourceTree = "<group>"; };
		9500CB1621F311EC00505875 /* buildRopesAndBoxes.cpp */ = {isa = PBXFileReference; fileEncoding = 4; lastKnownFileType = sourcecode.cpp.cpp; name = buildRopesAndBoxes.cpp; path = ../../../src/sarcastic/buildRopesAndBoxes.cpp; sourceTree = "<group>"; };
		9500CB1721F311EC00505875 /* cpuPOField.hpp */ = {isa = PBXFileReference; fileEncoding = 4; lastKnownFileType = sourcecode.cpp.h; name = cpuPOField.hpp; path = ../../../src/sarcastic/cpuPOField.hpp; sourceTree = "<group>"; };
		9500CB1821F311EC00505875 /* banner.cpp */ = {isa = PBXFileReference; fileEncoding = 4; lastKnownFileType = sourcecode.cpp.cpp; name = banner.cpp; path = ../../../src/sarcastic/banner.cpp; sourceTree = "<group>"; };
		9500CB1921F311EC00505875 /* sarcastic2.cpp */ = {isa = PBXFileReference; fileEncoding = 4; lastKnownFileType = sourcecode.cpp.cpp; name = sarcastic2.cpp; path = ../../../src/sarcastic/sarcastic2.cpp; sourceTree = "<group>"; };
		9500CB1A21F311EC00505875 /* buildRays.hpp */ = {isa = PBXFileReference; fileEncoding = 4; lastKnownFileType = sourcecode.cpp.h; name = buildRays.hpp; path = ../../../src/sarcastic/buildRays.hpp; sourceTree = "<group>"; };
		9500CB1B21F311EC00505875 /* sarcastic.h */ = {isa = PBXFileReference; fileEncoding = 4; lastKnownFileType = sourcecode.c.h; name = sarcastic.h; path = ../../../src/sarcastic/sarcastic.h; sourceTree = "<group>"; };
		9500CB1C21F311EC00505875 /* TxPowerPerRay.h */ = {isa = PBXFileReference; fileEncoding = 4; lastKnownFileType = sourcecode.c.h; name = TxPowerPerRay.h; path = ../../../src/sarcastic/TxPowerPerRay.h; sourceTree = "<group>"; };
		9500CB1D21F311EC00505875 /* TxPowerPerRay.c */ = {isa = PBXFileReference; fileEncoding = 4; lastKnownFileType = sourcecode.c.c; name = TxPowerPerRay.c; path = ../../../src/sarcastic/TxPowerPerRay.c; sourceTree = "<group>"; };
		9500CB1E21F311EC00505875 /* ecef2SceneCoords.h */ = {isa = PBXFileReference; fileEncoding = 4; lastKnownFileType = sourcecode.c.h; name = ecef2SceneCoords.h; path = ../../../src/sarcastic/ecef2SceneCoords.h; sourceTree = "<group>"; };
		9500CB1F21F311EC00505875 /* buildRopesAndBoxes.hpp */ = {isa = PBXFileReference; fileEncoding = 4; lastKnownFileType = sourcecode.cpp.h; name = buildRopesAndBoxes.hpp; path = ../../../src/sarcastic/buildRopesAndBoxes.hpp; sourceTree = "<group>"; };
		9500CB2021F311EC00505875 /* threadCore.cpp */ = {isa = PBXFileReference; fileEncoding = 4; lastKnownFileType = sourcecode.cpp.cpp; name = threadCore.cpp; path = ../../../src/sarcastic/threadCore.cpp; sourceTree = "<group>"; };
		9500CB2121F311EC00505875 /* RCS.c */ = {isa = PBXFileReference; fileEncoding = 4; lastKnownFileType = sourcecode.c.c; name = RCS.c; path = ../../../src/sarcastic/RCS.c; sourceTree = "<group>"; };
		9500CB2221F311EC00505875 /* shadowRays.cpp */ = {isa = PBXFileReference; fileEncoding = 4; lastKnownFileType = sourcecode.cpp.cpp; name = shadowRays.cpp; path = ../../../src/sarcastic/shadowRays.cpp; sourceTree = "<group>"; };
		9500CB2321F311EC00505875 /* shadowRays.hpp */ = {isa = PBXFileReference; fileEncoding = 4; lastKnownFileType = sourcecode.cpp.h; name = shadowRays.hpp; path = ../../../src/sarcastic/shadowRays.hpp; sourceTree = "<group>"; };
		9500CB2421F311EC00505875 /* ecef2SceneCoords.c */ = {isa = PBXFileReference; fileEncoding = 4; lastKnownFileType = sourcecode.c.c; name = ecef2SceneCoords.c; path = ../../../src/sarcastic/ecef2SceneCoords.c; sourceTree = "<group>"; };
		9500CB2521F311EC00505875 /* SarcasticVersion.h.in */ = {isa = PBXFileReference; fileEncoding = 4; lastKnownFileType = text; name = SarcasticVersion.h.in; path = ../../../src/sarcastic/SarcasticVersion.h.in; sourceTree = "<group>"; };
		9500CB2621F311EC00505875 /* sarcastic2.hpp */ = {isa = PBXFileReference; fileEncoding = 4; lastKnownFileType = sourcecode.cpp.h; name = sarcastic2.hpp; path = ../../../src/sarcastic/sarcastic2.hpp; sourceTree = "<group>"; };
		9500CB2721F311EC00505875 /* tryReadFile.cpp */ = {isa = PBXFileReference; fileEncoding = 4; lastKnownFileType = sourcecode.cpp.cpp; name = tryReadFile.cpp; path = ../../../src/sarcastic/tryReadFile.cpp; sourceTree = "<group>"; };
		9500CB2821F311EC00505875 /* tryReadFile.hpp */ = {isa = PBXFileReference; fileEncoding = 4; lastKnownFileType = sourcecode.cpp.h; name = tryReadFile.hpp; path = ../../../src/sarcastic/tryReadFile.hpp; sourceTree = "<group>"; };
		9500CB2921F311ED00505875 /* accelerateTriangles.cpp */ = {isa = PBXFileReference; fileEncoding = 4; lastKnownFileType = sourcecode.cpp.cpp; name = accelerateTriangles.cpp; path = ../../../src/sarcastic/accelerateTriangles.cpp; sourceTree = "<group>"; };
		9500CB2A21F311ED00505875 /* buildRays.cpp */ = {isa = PBXFileReference; fileEncoding = 4; lastKnownFileType = sourcecode.cpp.cpp; name = buildRays.cpp; path = ../../../src/sarcastic/buildRays.cpp; sourceTree = "<group>"; };
		9500CB2B21F311ED00505875 /* getUserInput.hpp */ = {isa = PBXFileReference; fileEncoding = 4; lastKnownFileType = sourcecode.cpp.h; name = getUserInput.hpp; path = ../../../src/sarcastic/getUserInput.hpp; sourceTree = "<group>"; };
		9500CB2C21F311ED00505875 /* reflect.hpp */ = {isa = PBXFileReference; fileEncoding = 4; lastKnownFileType = sourcecode.cpp.h; name = reflect.hpp; path = ../../../src/sarcastic/reflect.hpp; sourceTree = "<group>"; };
		9500CB2D21F311ED00505875 /* accelerateTriangles.hpp */ = {isa = PBXFileReference; fileEncoding = 4; lastKnownFileType = sourcecode.cpp.h; name = accelerateTriangles.hpp; path = ../../../src/sarcastic/accelerateTriangles.hpp; sourceTree = "<group>"; };
		9500CB2E21F311ED00505875 /* cpuPOField.cpp */ = {isa = PBXFileReference; fileEncoding = 4; lastKnownFileType = sourcecode.cpp.cpp; name = cpuPOField.cpp; path = ../../../src/sarcastic/cpuPOField.cpp; sourceTree = "<group>"; };
		9500CB2F21F311ED00505875 /* RCS.h */ = {isa = PBXFileReference; fileEncoding = 4; lastKnownFileType = sourcecode.c.h; name = RCS.h; path = ../../../src/sarcastic/RCS.h; sourceTree = "<group>"; };
		9500CB4221F3120E00505875 /* bircs */ = {isa = PBXFileReference; explicitFileType = "compiled.mach-o.executable"; includeInIndex = 0; path = bircs; sourceTree = BUILT_PRODUCTS_DIR; };
		9500CB4921F3123E00505875 /* main.cpp */ = {isa = PBXFileReference; fileEncoding = 4; lastKnownFileType = sourcecode.cpp.cpp; name = main.cpp; path = ../../../src/bircs/main.cpp; sourceTree = "<group>"; };
		9500CB4A21F3123E00505875 /* oclReflect.hpp */ = {isa = PBXFileReference; fileEncoding = 4; lastKnownFileType = sourcecode.cpp.h; name = oclReflect.hpp; path = ../../../src/bircs/oclReflect.hpp; sourceTree = "<group>"; };
		9500CB4B21F3123E00505875 /* BircsVersion.h.in */ = {isa = PBXFileReference; fileEncoding = 4; lastKnownFileType = text; name = BircsVersion.h.in; path = ../../../src/bircs/BircsVersion.h.in; sourceTree = "<group>"; };
		9500CB4C21F3123E00505875 /* oclBuildShadowRays.hpp */ = {isa = PBXFileReference; fileEncoding = 4; lastKnownFileType = sourcecode.cpp.h; name = oclBuildShadowRays.hpp; path = ../../../src/bircs/oclBuildShadowRays.hpp; sourceTree = "<group>"; };
		9500CB4D21F3123E00505875 /* buildKernel.hpp */ = {isa = PBXFileReference; fileEncoding = 4; lastKnownFileType = sourcecode.cpp.h; name = buildKernel.hpp; path = ../../../src/bircs/buildKernel.hpp; sourceTree = "<group>"; };
		9500CB4E21F3123E00505875 /* oclReflect.cpp */ = {isa = PBXFileReference; fileEncoding = 4; lastKnownFileType = sourcecode.cpp.cpp; name = oclReflect.cpp; path = ../../../src/bircs/oclReflect.cpp; sourceTree = "<group>"; };
		9500CB4F21F3123E00505875 /* bircsBanner.h */ = {isa = PBXFileReference; fileEncoding = 4; lastKnownFileType = sourcecode.c.h; name = bircsBanner.h; path = ../../../src/bircs/bircsBanner.h; sourceTree = "<group>"; };
		9500CB5021F3123E00505875 /* oclRandomRays.cpp */ = {isa = PBXFileReference; fileEncoding = 4; lastKnownFileType = sourcecode.cpp.cpp; name = oclRandomRays.cpp; path = ../../../src/bircs/oclRandomRays.cpp; sourceTree = "<group>"; };
		9500CB5121F3123E00505875 /* buildKernel.cpp */ = {isa = PBXFileReference; fileEncoding = 4; lastKnownFileType = sourcecode.cpp.cpp; name = buildKernel.cpp; path = ../../../src/bircs/buildKernel.cpp; sourceTree = "<group>"; };
		9500CB5221F3123E00505875 /* threadCore.hpp */ = {isa = PBXFileReference; fileEncoding = 4; lastKnownFileType = sourcecode.cpp.h; name = threadCore.hpp; path = ../../../src/bircs/threadCore.hpp; sourceTree = "<group>"; };
		9500CB5321F3123E00505875 /* bircsBanner.c */ = {isa = PBXFileReference; fileEncoding = 4; lastKnownFileType = sourcecode.c.c; name = bircsBanner.c; path = ../../../src/bircs/bircsBanner.c; sourceTree = "<group>"; };
		9500CB5421F3123E00505875 /* oclBuildShadowRays.cpp */ = {isa = PBXFileReference; fileEncoding = 4; lastKnownFileType = sourcecode.cpp.cpp; name = oclBuildShadowRays.cpp; path = ../../../src/bircs/oclBuildShadowRays.cpp; sourceTree = "<group>"; };
		9500CB5521F3123E00505875 /* oclRandomRays.hpp */ = {isa = PBXFileReference; fileEncoding = 4; lastKnownFileType = sourcecode.cpp.h; name = oclRandomRays.hpp; path = ../../../src/bircs/oclRandomRays.hpp; sourceTree = "<group>"; };
		9500CB5621F3123E00505875 /* threadCore.cpp */ = {isa = PBXFileReference; fileEncoding = 4; lastKnownFileType = sourcecode.cpp.cpp; name = threadCore.cpp; path = ../../../src/bircs/threadCore.cpp; sourceTree = "<group>"; };
		9500CB6221F3127300505875 /* cphdInfo */ = {isa = PBXFileReference; explicitFileType = "compiled.mach-o.executable"; includeInIndex = 0; path = cphdInfo; sourceTree = BUILT_PRODUCTS_DIR; };
		9500CB6921F312A400505875 /* colourCodes.h */ = {isa = PBXFileReference; fileEncoding = 4; lastKnownFileType = sourcecode.c.h; name = colourCodes.h; path = ../../../src/cphdInfo/colourCodes.h; sourceTree = "<group>"; };
		9500CB6A21F312A400505875 /* main.cpp */ = {isa = PBXFileReference; fileEncoding = 4; lastKnownFileType = sourcecode.cpp.cpp; name = main.cpp; path = ../../../src/cphdInfo/main.cpp; sourceTree = "<group>"; };
		9500CB6B21F312A400505875 /* readCPHD_Version.h.in */ = {isa = PBXFileReference; fileEncoding = 4; lastKnownFileType = text; name = readCPHD_Version.h.in; path = ../../../src/cphdInfo/readCPHD_Version.h.in; sourceTree = "<group>"; };
		9500CB7121F312C600505875 /* cphdShell */ = {isa = PBXFileReference; explicitFileType = "compiled.mach-o.executable"; includeInIndex = 0; path = cphdShell; sourceTree = BUILT_PRODUCTS_DIR; };
		9500CB7821F312ED00505875 /* colourCodes.h */ = {isa = PBXFileReference; fileEncoding = 4; lastKnownFileType = sourcecode.c.h; name = colourCodes.h; path = ../../../src/cphdShell/colourCodes.h; sourceTree = "<group>"; };
		9500CB7921F312ED00505875 /* ecef2SceneCoords.hpp */ = {isa = PBXFileReference; fileEncoding = 4; lastKnownFileType = sourcecode.cpp.h; name = ecef2SceneCoords.hpp; path = ../../../src/cphdShell/ecef2SceneCoords.hpp; sourceTree = "<group>"; };
		9500CB7A21F312ED00505875 /* cphdShell_version.h.in */ = {isa = PBXFileReference; fileEncoding = 4; lastKnownFileType = text; name = cphdShell_version.h.in; path = ../../../src/cphdShell/cphdShell_version.h.in; sourceTree = "<group>"; };
		9500CB7B21F312ED00505875 /* ecef2SceneCoords.cpp */ = {isa = PBXFileReference; fileEncoding = 4; lastKnownFileType = sourcecode.cpp.cpp; name = ecef2SceneCoords.cpp; path = ../../../src/cphdShell/ecef2SceneCoords.cpp; sourceTree = "<group>"; };
		9500CB7C21F312ED00505875 /* main.cpp */ = {isa = PBXFileReference; fileEncoding = 4; lastKnownFileType = sourcecode.cpp.cpp; name = main.cpp; path = ../../../src/cphdShell/main.cpp; sourceTree = "<group>"; };
		9500CB8321F3135800505875 /* SARTrace */ = {isa = PBXFileReference; explicitFileType = "compiled.mach-o.executable"; includeInIndex = 0; path = SARTrace; sourceTree = BUILT_PRODUCTS_DIR; };
		9500CB8A21F3137D00505875 /* SARTracebanner.cpp */ = {isa = PBXFileReference; fileEncoding = 4; lastKnownFileType = sourcecode.cpp.cpp; name = SARTracebanner.cpp; path = ../../../src/SARTrace/SARTracebanner.cpp; sourceTree = "<group>"; };
		9500CB8B21F3137D00505875 /* getSARTraceUserInput.cpp */ = {isa = PBXFileReference; fileEncoding = 4; lastKnownFileType = sourcecode.cpp.cpp; name = getSARTraceUserInput.cpp; path = ../../../src/SARTrace/getSARTraceUserInput.cpp; sourceTree = "<group>"; };
		9500CB8C21F3137D00505875 /* traceThreadCore.hpp */ = {isa = PBXFileReference; fileEncoding = 4; lastKnownFileType = sourcecode.cpp.h; name = traceThreadCore.hpp; path = ../../../src/SARTrace/traceThreadCore.hpp; sourceTree = "<group>"; };
		9500CB8D21F3137D00505875 /* SARTrace.cpp */ = {isa = PBXFileReference; fileEncoding = 4; lastKnownFileType = sourcecode.cpp.cpp; name = SARTrace.cpp; path = ../../../src/SARTrace/SARTrace.cpp; sourceTree = "<group>"; };
		9500CB8E21F3137D00505875 /* SARTrace.hpp */ = {isa = PBXFileReference; fileEncoding = 4; lastKnownFileType = sourcecode.cpp.h; name = SARTrace.hpp; path = ../../../src/SARTrace/SARTrace.hpp; sourceTree = "<group>"; };
		9500CB8F21F3137D00505875 /* SartraceVersion.h.in */ = {isa = PBXFileReference; fileEncoding = 4; lastKnownFileType = text; name = SartraceVersion.h.in; path = ../../../src/SARTrace/SartraceVersion.h.in; sourceTree = "<group>"; };
		9500CB9021F3137D00505875 /* traceThreadCore.cpp */ = {isa = PBXFileReference; fileEncoding = 4; lastKnownFileType = sourcecode.cpp.cpp; name = traceThreadCore.cpp; path = ../../../src/SARTrace/traceThreadCore.cpp; sourceTree = "<group>"; };
		9500CB9921F313C500505875 /* tdpocl */ = {isa = PBXFileReference; explicitFileType = "compiled.mach-o.executable"; includeInIndex = 0; path = tdpocl; sourceTree = BUILT_PRODUCTS_DIR; };
		9500CBA021F313E700505875 /* tdpcore.c */ = {isa = PBXFileReference; fileEncoding = 4; lastKnownFileType = sourcecode.c.c; name = tdpcore.c; path = ../../../src/tdpocl/tdpcore.c; sourceTree = "<group>"; };
		9500CBA121F313E700505875 /* OpenCLUtils.h */ = {isa = PBXFileReference; fileEncoding = 4; lastKnownFileType = sourcecode.c.h; name = OpenCLUtils.h; path = ../../../src/tdpocl/OpenCLUtils.h; sourceTree = "<group>"; };
		9500CBA221F313E700505875 /* colourCodes.h */ = {isa = PBXFileReference; fileEncoding = 4; lastKnownFileType = sourcecode.c.h; name = colourCodes.h; path = ../../../src/tdpocl/colourCodes.h; sourceTree = "<group>"; };
		9500CBA321F313E700505875 /* getUserInput.c */ = {isa = PBXFileReference; fileEncoding = 4; lastKnownFileType = sourcecode.c.c; name = getUserInput.c; path = ../../../src/tdpocl/getUserInput.c; sourceTree = "<group>"; };
		9500CBA421F313E700505875 /* getMemorySize.c */ = {isa = PBXFileReference; fileEncoding = 4; lastKnownFileType = sourcecode.c.c; name = getMemorySize.c; path = ../../../src/tdpocl/getMemorySize.c; sourceTree = "<group>"; };
		9500CBA521F313E700505875 /* tdp.h */ = {isa = PBXFileReference; fileEncoding = 4; lastKnownFileType = sourcecode.c.h; name = tdp.h; path = ../../../src/tdpocl/tdp.h; sourceTree = "<group>"; };
		9500CBA621F313E700505875 /* tdpKernel.h */ = {isa = PBXFileReference; fileEncoding = 4; lastKnownFileType = sourcecode.c.h; name = tdpKernel.h; path = ../../../src/tdpocl/tdpKernel.h; sourceTree = "<group>"; };
		9500CBA721F313E700505875 /* geotiffWrite.c */ = {isa = PBXFileReference; fileEncoding = 4; lastKnownFileType = sourcecode.c.c; name = geotiffWrite.c; path = ../../../src/tdpocl/geotiffWrite.c; sourceTree = "<group>"; };
		9500CBA821F313E700505875 /* oclSRPRanges.c */ = {isa = PBXFileReference; fileEncoding = 4; lastKnownFileType = sourcecode.c.c; name = oclSRPRanges.c; path = ../../../src/tdpocl/oclSRPRanges.c; sourceTree = "<group>"; };
		9500CBA921F313E700505875 /* OpenCLUtils.c */ = {isa = PBXFileReference; fileEncoding = 4; lastKnownFileType = sourcecode.c.c; name = OpenCLUtils.c; path = ../../../src/tdpocl/OpenCLUtils.c; sourceTree = "<group>"; };
		9500CBAA21F313E700505875 /* topotrimSetup.c */ = {isa = PBXFileReference; fileEncoding = 4; lastKnownFileType = sourcecode.c.c; name = topotrimSetup.c; path = ../../../src/tdpocl/topotrimSetup.c; sourceTree = "<group>"; };
		9500CBAB21F313E700505875 /* tdp.c */ = {isa = PBXFileReference; fileEncoding = 4; lastKnownFileType = sourcecode.c.c; name = tdp.c; path = ../../../src/tdpocl/tdp.c; sourceTree = "<group>"; };
		9500CBAC21F313E800505875 /* tdpcore.h */ = {isa = PBXFileReference; fileEncoding = 4; lastKnownFileType = sourcecode.c.h; name = tdpcore.h; path = ../../../src/tdpocl/tdpcore.h; sourceTree = "<group>"; };
		9500CBAD21F313E800505875 /* banner.c */ = {isa = PBXFileReference; fileEncoding = 4; lastKnownFileType = sourcecode.c.c; name = banner.c; path = ../../../src/tdpocl/banner.c; sourceTree = "<group>"; };
		9500CBAE21F313E800505875 /* createSurface.c */ = {isa = PBXFileReference; fileEncoding = 4; lastKnownFileType = sourcecode.c.c; name = createSurface.c; path = ../../../src/tdpocl/createSurface.c; sourceTree = "<group>"; };
		9500CBAF21F313E800505875 /* tdpoclVersion.h.in */ = {isa = PBXFileReference; fileEncoding = 4; lastKnownFileType = text; name = tdpoclVersion.h.in; path = ../../../src/tdpocl/tdpoclVersion.h.in; sourceTree = "<group>"; };
/* End PBXFileReference section */

/* Begin PBXFrameworksBuildPhase section */
		9500CAD721F30D0600505875 /* Frameworks */ = {
			isa = PBXFrameworksBuildPhase;
			buildActionMask = 2147483647;
			files = (
			);
			runOnlyForDeploymentPostprocessing = 0;
		};
		9500CAE521F30DA400505875 /* Frameworks */ = {
			isa = PBXFrameworksBuildPhase;
			buildActionMask = 2147483647;
			files = (
			);
			runOnlyForDeploymentPostprocessing = 0;
		};
		9500CB0621F3112D00505875 /* Frameworks */ = {
			isa = PBXFrameworksBuildPhase;
			buildActionMask = 2147483647;
			files = (
			);
			runOnlyForDeploymentPostprocessing = 0;
		};
		9500CB3F21F3120E00505875 /* Frameworks */ = {
			isa = PBXFrameworksBuildPhase;
			buildActionMask = 2147483647;
			files = (
			);
			runOnlyForDeploymentPostprocessing = 0;
		};
		9500CB5F21F3127300505875 /* Frameworks */ = {
			isa = PBXFrameworksBuildPhase;
			buildActionMask = 2147483647;
			files = (
			);
			runOnlyForDeploymentPostprocessing = 0;
		};
		9500CB6E21F312C600505875 /* Frameworks */ = {
			isa = PBXFrameworksBuildPhase;
			buildActionMask = 2147483647;
			files = (
			);
			runOnlyForDeploymentPostprocessing = 0;
		};
		9500CB8021F3135800505875 /* Frameworks */ = {
			isa = PBXFrameworksBuildPhase;
			buildActionMask = 2147483647;
			files = (
			);
			runOnlyForDeploymentPostprocessing = 0;
		};
		9500CB9621F313C500505875 /* Frameworks */ = {
			isa = PBXFrameworksBuildPhase;
			buildActionMask = 2147483647;
			files = (
			);
			runOnlyForDeploymentPostprocessing = 0;
		};
/* End PBXFrameworksBuildPhase section */

/* Begin PBXGroup section */
		9500CAD121F30D0600505875 = {
			isa = PBXGroup;
			children = (
				9500CB4321F3120E00505875 /* bircs */,
				9500CAE921F30DA400505875 /* colladaToPlyFile */,
				9500CB6321F3127300505875 /* cphdInfo */,
				9500CB7221F312C600505875 /* cphdShell */,
				9500CB0A21F3112D00505875 /* materialise */,
				9500CADC21F30D0600505875 /* sarcastic */,
				9500CB8421F3135900505875 /* SARTrace */,
				9500CB9A21F313C500505875 /* tdpocl */,
				9500CADB21F30D0600505875 /* Products */,
			);
			sourceTree = "<group>";
		};
		9500CADB21F30D0600505875 /* Products */ = {
			isa = PBXGroup;
			children = (
				9500CADA21F30D0600505875 /* sarcastic */,
				9500CAE821F30DA400505875 /* colladaToPlyFile */,
				9500CB0921F3112D00505875 /* materialise */,
				9500CB4221F3120E00505875 /* bircs */,
				9500CB6221F3127300505875 /* cphdInfo */,
				9500CB7121F312C600505875 /* cphdShell */,
				9500CB8321F3135800505875 /* SARTrace */,
				9500CB9921F313C500505875 /* tdpocl */,
			);
			name = Products;
			sourceTree = "<group>";
		};
		9500CADC21F30D0600505875 /* sarcastic */ = {
			isa = PBXGroup;
			children = (
				9500CB2921F311ED00505875 /* accelerateTriangles.cpp */,
				9500CB2D21F311ED00505875 /* accelerateTriangles.hpp */,
				9500CB1821F311EC00505875 /* banner.cpp */,
				9500CB2A21F311ED00505875 /* buildRays.cpp */,
				9500CB1A21F311EC00505875 /* buildRays.hpp */,
				9500CB1621F311EC00505875 /* buildRopesAndBoxes.cpp */,
				9500CB1F21F311EC00505875 /* buildRopesAndBoxes.hpp */,
				9500CB2E21F311ED00505875 /* cpuPOField.cpp */,
				9500CB1721F311EC00505875 /* cpuPOField.hpp */,
				9500CB2421F311EC00505875 /* ecef2SceneCoords.c */,
				9500CB1E21F311EC00505875 /* ecef2SceneCoords.h */,
				9500CB1321F311EC00505875 /* getUserInput.cpp */,
				9500CB2B21F311ED00505875 /* getUserInput.hpp */,
				9500CB2121F311EC00505875 /* RCS.c */,
				9500CB2F21F311ED00505875 /* RCS.h */,
				9500CB1421F311EC00505875 /* reflect.cpp */,
				9500CB2C21F311ED00505875 /* reflect.hpp */,
				9500CB1B21F311EC00505875 /* sarcastic.h */,
				9500CB1921F311EC00505875 /* sarcastic2.cpp */,
				9500CB2621F311EC00505875 /* sarcastic2.hpp */,
				9500CB2521F311EC00505875 /* SarcasticVersion.h.in */,
				9500CB2221F311EC00505875 /* shadowRays.cpp */,
				9500CB2321F311EC00505875 /* shadowRays.hpp */,
				9500CB2021F311EC00505875 /* threadCore.cpp */,
				9500CB1521F311EC00505875 /* threadCore.hpp */,
				9500CB2721F311EC00505875 /* tryReadFile.cpp */,
				9500CB2821F311EC00505875 /* tryReadFile.hpp */,
				9500CB1D21F311EC00505875 /* TxPowerPerRay.c */,
				9500CB1C21F311EC00505875 /* TxPowerPerRay.h */,
			);
			path = sarcastic;
			sourceTree = "<group>";
		};
		9500CAE921F30DA400505875 /* colladaToPlyFile */ = {
			isa = PBXGroup;
			children = (
				9500CAFE21F30F7900505875 /* banner.cpp */,
				9500CAFD21F30F7900505875 /* colladainterface.cpp */,
				9500CAFF21F30F7900505875 /* colladainterface.h */,
				9500CB0021F30F7900505875 /* CTTVersion.h.in */,
				9500CB0121F30F7900505875 /* main.cpp */,
			);
			path = colladaToPlyFile;
			sourceTree = "<group>";
		};
		9500CB0A21F3112D00505875 /* materialise */ = {
			isa = PBXGroup;
			children = (
				9500CB1021F3117000505875 /* main.cpp */,
				9500CB1121F3117000505875 /* materialise_version.h.in */,
			);
			path = materialise;
			sourceTree = "<group>";
		};
		9500CB4321F3120E00505875 /* bircs */ = {
			isa = PBXGroup;
			children = (
				9500CB5321F3123E00505875 /* bircsBanner.c */,
				9500CB4F21F3123E00505875 /* bircsBanner.h */,
				9500CB4B21F3123E00505875 /* BircsVersion.h.in */,
				9500CB5121F3123E00505875 /* buildKernel.cpp */,
				9500CB4D21F3123E00505875 /* buildKernel.hpp */,
				9500CB4921F3123E00505875 /* main.cpp */,
				9500CB5421F3123E00505875 /* oclBuildShadowRays.cpp */,
				9500CB4C21F3123E00505875 /* oclBuildShadowRays.hpp */,
				9500CB5021F3123E00505875 /* oclRandomRays.cpp */,
				9500CB5521F3123E00505875 /* oclRandomRays.hpp */,
				9500CB4E21F3123E00505875 /* oclReflect.cpp */,
				9500CB4A21F3123E00505875 /* oclReflect.hpp */,
				9500CB5621F3123E00505875 /* threadCore.cpp */,
				9500CB5221F3123E00505875 /* threadCore.hpp */,
			);
			path = bircs;
			sourceTree = "<group>";
		};
		9500CB6321F3127300505875 /* cphdInfo */ = {
			isa = PBXGroup;
			children = (
				9500CB6921F312A400505875 /* colourCodes.h */,
				9500CB6A21F312A400505875 /* main.cpp */,
				9500CB6B21F312A400505875 /* readCPHD_Version.h.in */,
			);
			path = cphdInfo;
			sourceTree = "<group>";
		};
		9500CB7221F312C600505875 /* cphdShell */ = {
			isa = PBXGroup;
			children = (
				9500CB7821F312ED00505875 /* colourCodes.h */,
				9500CB7A21F312ED00505875 /* cphdShell_version.h.in */,
				9500CB7B21F312ED00505875 /* ecef2SceneCoords.cpp */,
				9500CB7921F312ED00505875 /* ecef2SceneCoords.hpp */,
				9500CB7C21F312ED00505875 /* main.cpp */,
			);
			path = cphdShell;
			sourceTree = "<group>";
		};
		9500CB8421F3135900505875 /* SARTrace */ = {
			isa = PBXGroup;
			children = (
				9500CB8B21F3137D00505875 /* getSARTraceUserInput.cpp */,
				9500CB8D21F3137D00505875 /* SARTrace.cpp */,
				9500CB8E21F3137D00505875 /* SARTrace.hpp */,
				9500CB8A21F3137D00505875 /* SARTracebanner.cpp */,
				9500CB8F21F3137D00505875 /* SartraceVersion.h.in */,
				9500CB9021F3137D00505875 /* traceThreadCore.cpp */,
				9500CB8C21F3137D00505875 /* traceThreadCore.hpp */,
			);
			path = SARTrace;
			sourceTree = "<group>";
		};
		9500CB9A21F313C500505875 /* tdpocl */ = {
			isa = PBXGroup;
			children = (
				9500CBAD21F313E800505875 /* banner.c */,
				9500CBA221F313E700505875 /* colourCodes.h */,
				9500CBAE21F313E800505875 /* createSurface.c */,
				9500CBA721F313E700505875 /* geotiffWrite.c */,
				9500CBA421F313E700505875 /* getMemorySize.c */,
				9500CBA321F313E700505875 /* getUserInput.c */,
				9500CBA821F313E700505875 /* oclSRPRanges.c */,
				9500CBA921F313E700505875 /* OpenCLUtils.c */,
				9500CBA121F313E700505875 /* OpenCLUtils.h */,
				9500CBAB21F313E700505875 /* tdp.c */,
				9500CBA521F313E700505875 /* tdp.h */,
				9500CBA021F313E700505875 /* tdpcore.c */,
				9500CBAC21F313E800505875 /* tdpcore.h */,
				9500CBA621F313E700505875 /* tdpKernel.h */,
				9500CBAF21F313E800505875 /* tdpoclVersion.h.in */,
				9500CBAA21F313E700505875 /* topotrimSetup.c */,
			);
			path = tdpocl;
			sourceTree = "<group>";
		};
/* End PBXGroup section */

/* Begin PBXNativeTarget section */
		9500CAD921F30D0600505875 /* sarcastic */ = {
			isa = PBXNativeTarget;
			buildConfigurationList = 9500CAE121F30D0700505875 /* Build configuration list for PBXNativeTarget "sarcastic" */;
			buildPhases = (
				9500CAD621F30D0600505875 /* Sources */,
				9500CAD721F30D0600505875 /* Frameworks */,
				9500CAD821F30D0600505875 /* CopyFiles */,
			);
			buildRules = (
			);
			dependencies = (
			);
			name = sarcastic;
			productName = sarcastic;
			productReference = 9500CADA21F30D0600505875 /* sarcastic */;
			productType = "com.apple.product-type.tool";
		};
		9500CAE721F30DA400505875 /* colladaToPlyFile */ = {
			isa = PBXNativeTarget;
			buildConfigurationList = 9500CAEC21F30DA400505875 /* Build configuration list for PBXNativeTarget "colladaToPlyFile" */;
			buildPhases = (
				9500CAE421F30DA400505875 /* Sources */,
				9500CAE521F30DA400505875 /* Frameworks */,
				9500CAE621F30DA400505875 /* CopyFiles */,
			);
			buildRules = (
			);
			dependencies = (
			);
			name = colladaToPlyFile;
			productName = colladaToPlyFile;
			productReference = 9500CAE821F30DA400505875 /* colladaToPlyFile */;
			productType = "com.apple.product-type.tool";
		};
		9500CB0821F3112D00505875 /* materialise */ = {
			isa = PBXNativeTarget;
			buildConfigurationList = 9500CB0D21F3112D00505875 /* Build configuration list for PBXNativeTarget "materialise" */;
			buildPhases = (
				9500CB0521F3112D00505875 /* Sources */,
				9500CB0621F3112D00505875 /* Frameworks */,
				9500CB0721F3112D00505875 /* CopyFiles */,
			);
			buildRules = (
			);
			dependencies = (
			);
			name = materialise;
			productName = materialise;
			productReference = 9500CB0921F3112D00505875 /* materialise */;
			productType = "com.apple.product-type.tool";
		};
		9500CB4121F3120E00505875 /* bircs */ = {
			isa = PBXNativeTarget;
			buildConfigurationList = 9500CB4621F3120E00505875 /* Build configuration list for PBXNativeTarget "bircs" */;
			buildPhases = (
				9500CB3E21F3120E00505875 /* Sources */,
				9500CB3F21F3120E00505875 /* Frameworks */,
				9500CB4021F3120E00505875 /* CopyFiles */,
			);
			buildRules = (
			);
			dependencies = (
			);
			name = bircs;
			productName = bircs;
			productReference = 9500CB4221F3120E00505875 /* bircs */;
			productType = "com.apple.product-type.tool";
		};
		9500CB6121F3127300505875 /* cphdInfo */ = {
			isa = PBXNativeTarget;
			buildConfigurationList = 9500CB6621F3127300505875 /* Build configuration list for PBXNativeTarget "cphdInfo" */;
			buildPhases = (
				9500CB5E21F3127300505875 /* Sources */,
				9500CB5F21F3127300505875 /* Frameworks */,
				9500CB6021F3127300505875 /* CopyFiles */,
			);
			buildRules = (
			);
			dependencies = (
			);
			name = cphdInfo;
			productName = cphdInfo;
			productReference = 9500CB6221F3127300505875 /* cphdInfo */;
			productType = "com.apple.product-type.tool";
		};
		9500CB7021F312C600505875 /* cphdShell */ = {
			isa = PBXNativeTarget;
			buildConfigurationList = 9500CB7521F312C600505875 /* Build configuration list for PBXNativeTarget "cphdShell" */;
			buildPhases = (
				9500CB6D21F312C600505875 /* Sources */,
				9500CB6E21F312C600505875 /* Frameworks */,
				9500CB6F21F312C600505875 /* CopyFiles */,
			);
			buildRules = (
			);
			dependencies = (
			);
			name = cphdShell;
			productName = cphdShell;
			productReference = 9500CB7121F312C600505875 /* cphdShell */;
			productType = "com.apple.product-type.tool";
		};
		9500CB8221F3135800505875 /* SARTrace */ = {
			isa = PBXNativeTarget;
			buildConfigurationList = 9500CB8721F3135900505875 /* Build configuration list for PBXNativeTarget "SARTrace" */;
			buildPhases = (
				9500CB7F21F3135800505875 /* Sources */,
				9500CB8021F3135800505875 /* Frameworks */,
				9500CB8121F3135800505875 /* CopyFiles */,
			);
			buildRules = (
			);
			dependencies = (
			);
			name = SARTrace;
			productName = SARTrace;
			productReference = 9500CB8321F3135800505875 /* SARTrace */;
			productType = "com.apple.product-type.tool";
		};
		9500CB9821F313C500505875 /* tdpocl */ = {
			isa = PBXNativeTarget;
			buildConfigurationList = 9500CB9D21F313C500505875 /* Build configuration list for PBXNativeTarget "tdpocl" */;
			buildPhases = (
				9500CB9521F313C500505875 /* Sources */,
				9500CB9621F313C500505875 /* Frameworks */,
				9500CB9721F313C500505875 /* CopyFiles */,
			);
			buildRules = (
			);
			dependencies = (
			);
			name = tdpocl;
			productName = tdpocl;
			productReference = 9500CB9921F313C500505875 /* tdpocl */;
			productType = "com.apple.product-type.tool";
		};
/* End PBXNativeTarget section */

/* Begin PBXProject section */
		9500CAD221F30D0600505875 /* Project object */ = {
			isa = PBXProject;
			attributes = {
				LastUpgradeCheck = 1010;
				ORGANIZATIONNAME = "Darren Muff";
				TargetAttributes = {
					9500CAD921F30D0600505875 = {
						CreatedOnToolsVersion = 10.1;
					};
					9500CAE721F30DA400505875 = {
						CreatedOnToolsVersion = 10.1;
					};
					9500CB0821F3112D00505875 = {
						CreatedOnToolsVersion = 10.1;
					};
					9500CB4121F3120E00505875 = {
						CreatedOnToolsVersion = 10.1;
					};
					9500CB6121F3127300505875 = {
						CreatedOnToolsVersion = 10.1;
					};
					9500CB7021F312C600505875 = {
						CreatedOnToolsVersion = 10.1;
					};
					9500CB8221F3135800505875 = {
						CreatedOnToolsVersion = 10.1;
					};
					9500CB9821F313C500505875 = {
						CreatedOnToolsVersion = 10.1;
					};
				};
			};
			buildConfigurationList = 9500CAD521F30D0600505875 /* Build configuration list for PBXProject "sarcastic-Xcode" */;
			compatibilityVersion = "Xcode 9.3";
			developmentRegion = en;
			hasScannedForEncodings = 0;
			knownRegions = (
				en,
			);
			mainGroup = 9500CAD121F30D0600505875;
			productRefGroup = 9500CADB21F30D0600505875 /* Products */;
			projectDirPath = "";
			projectRoot = "";
			targets = (
				9500CAD921F30D0600505875 /* sarcastic */,
				9500CAE721F30DA400505875 /* colladaToPlyFile */,
				9500CB0821F3112D00505875 /* materialise */,
				9500CB4121F3120E00505875 /* bircs */,
				9500CB6121F3127300505875 /* cphdInfo */,
				9500CB7021F312C600505875 /* cphdShell */,
				9500CB8221F3135800505875 /* SARTrace */,
				9500CB9821F313C500505875 /* tdpocl */,
			);
		};
/* End PBXProject section */

/* Begin PBXSourcesBuildPhase section */
		9500CAD621F30D0600505875 /* Sources */ = {
			isa = PBXSourcesBuildPhase;
			buildActionMask = 2147483647;
			files = (
				9500CB3D21F311ED00505875 /* cpuPOField.cpp in Sources */,
				9500CB3521F311ED00505875 /* TxPowerPerRay.c in Sources */,
				9500CB3821F311ED00505875 /* shadowRays.cpp in Sources */,
				9500CB3021F311ED00505875 /* getUserInput.cpp in Sources */,
				9500CB3621F311ED00505875 /* threadCore.cpp in Sources */,
				9500CB3321F311ED00505875 /* banner.cpp in Sources */,
				9500CB3221F311ED00505875 /* buildRopesAndBoxes.cpp in Sources */,
				9500CB3921F311ED00505875 /* ecef2SceneCoords.c in Sources */,
				9500CB3421F311ED00505875 /* sarcastic2.cpp in Sources */,
				9500CB3721F311ED00505875 /* RCS.c in Sources */,
				9500CB3C21F311ED00505875 /* buildRays.cpp in Sources */,
				9500CB3A21F311ED00505875 /* tryReadFile.cpp in Sources */,
				9500CB3B21F311ED00505875 /* accelerateTriangles.cpp in Sources */,
				9500CB3121F311ED00505875 /* reflect.cpp in Sources */,
			);
			runOnlyForDeploymentPostprocessing = 0;
		};
		9500CAE421F30DA400505875 /* Sources */ = {
			isa = PBXSourcesBuildPhase;
			buildActionMask = 2147483647;
			files = (
				9500CB0221F30F7900505875 /* colladainterface.cpp in Sources */,
				9500CB0321F30F7900505875 /* banner.cpp in Sources */,
				9500CB0421F30F7900505875 /* main.cpp in Sources */,
			);
			runOnlyForDeploymentPostprocessing = 0;
		};
		9500CB0521F3112D00505875 /* Sources */ = {
			isa = PBXSourcesBuildPhase;
			buildActionMask = 2147483647;
			files = (
				9500CB1221F3117000505875 /* main.cpp in Sources */,
			);
			runOnlyForDeploymentPostprocessing = 0;
		};
		9500CB3E21F3120E00505875 /* Sources */ = {
			isa = PBXSourcesBuildPhase;
			buildActionMask = 2147483647;
			files = (
				9500CB5B21F3123E00505875 /* bircsBanner.c in Sources */,
				9500CB5821F3123E00505875 /* oclReflect.cpp in Sources */,
				9500CB5D21F3123E00505875 /* threadCore.cpp in Sources */,
				9500CB5A21F3123E00505875 /* buildKernel.cpp in Sources */,
				9500CB5721F3123E00505875 /* main.cpp in Sources */,
				9500CB5C21F3123E00505875 /* oclBuildShadowRays.cpp in Sources */,
				9500CB5921F3123E00505875 /* oclRandomRays.cpp in Sources */,
			);
			runOnlyForDeploymentPostprocessing = 0;
		};
		9500CB5E21F3127300505875 /* Sources */ = {
			isa = PBXSourcesBuildPhase;
			buildActionMask = 2147483647;
			files = (
				9500CB6C21F312A500505875 /* main.cpp in Sources */,
			);
			runOnlyForDeploymentPostprocessing = 0;
		};
		9500CB6D21F312C600505875 /* Sources */ = {
			isa = PBXSourcesBuildPhase;
			buildActionMask = 2147483647;
			files = (
				9500CB7E21F312ED00505875 /* main.cpp in Sources */,
				9500CB7D21F312ED00505875 /* ecef2SceneCoords.cpp in Sources */,
			);
			runOnlyForDeploymentPostprocessing = 0;
		};
		9500CB7F21F3135800505875 /* Sources */ = {
			isa = PBXSourcesBuildPhase;
			buildActionMask = 2147483647;
			files = (
				9500CB9421F3137D00505875 /* traceThreadCore.cpp in Sources */,
				9500CB9321F3137D00505875 /* SARTrace.cpp in Sources */,
				9500CB9121F3137D00505875 /* SARTracebanner.cpp in Sources */,
				9500CB9221F3137D00505875 /* getSARTraceUserInput.cpp in Sources */,
			);
			runOnlyForDeploymentPostprocessing = 0;
		};
		9500CB9521F313C500505875 /* Sources */ = {
			isa = PBXSourcesBuildPhase;
			buildActionMask = 2147483647;
			files = (
				9500CBB121F313E800505875 /* getUserInput.c in Sources */,
				9500CBB221F313E800505875 /* getMemorySize.c in Sources */,
				9500CBB421F313E800505875 /* oclSRPRanges.c in Sources */,
				9500CBB321F313E800505875 /* geotiffWrite.c in Sources */,
				9500CBB821F313E800505875 /* banner.c in Sources */,
				9500CBB621F313E800505875 /* topotrimSetup.c in Sources */,
				9500CBB521F313E800505875 /* OpenCLUtils.c in Sources */,
				9500CBB921F313E800505875 /* createSurface.c in Sources */,
				9500CBB721F313E800505875 /* tdp.c in Sources */,
				9500CBB021F313E800505875 /* tdpcore.c in Sources */,
			);
			runOnlyForDeploymentPostprocessing = 0;
		};
/* End PBXSourcesBuildPhase section */

/* Begin XCBuildConfiguration section */
		9500CADF21F30D0700505875 /* Debug */ = {
			isa = XCBuildConfiguration;
			buildSettings = {
				ALWAYS_SEARCH_USER_PATHS = NO;
				CLANG_ANALYZER_NONNULL = YES;
				CLANG_ANALYZER_NUMBER_OBJECT_CONVERSION = YES_AGGRESSIVE;
				CLANG_CXX_LANGUAGE_STANDARD = "gnu++14";
				CLANG_CXX_LIBRARY = "libc++";
				CLANG_ENABLE_MODULES = YES;
				CLANG_ENABLE_OBJC_ARC = YES;
				CLANG_ENABLE_OBJC_WEAK = YES;
				CLANG_WARN_BLOCK_CAPTURE_AUTORELEASING = YES;
				CLANG_WARN_BOOL_CONVERSION = YES;
				CLANG_WARN_COMMA = YES;
				CLANG_WARN_CONSTANT_CONVERSION = YES;
				CLANG_WARN_DEPRECATED_OBJC_IMPLEMENTATIONS = YES;
				CLANG_WARN_DIRECT_OBJC_ISA_USAGE = YES_ERROR;
				CLANG_WARN_DOCUMENTATION_COMMENTS = YES;
				CLANG_WARN_EMPTY_BODY = YES;
				CLANG_WARN_ENUM_CONVERSION = YES;
				CLANG_WARN_INFINITE_RECURSION = YES;
				CLANG_WARN_INT_CONVERSION = YES;
				CLANG_WARN_NON_LITERAL_NULL_CONVERSION = YES;
				CLANG_WARN_OBJC_IMPLICIT_RETAIN_SELF = YES;
				CLANG_WARN_OBJC_LITERAL_CONVERSION = YES;
				CLANG_WARN_OBJC_ROOT_CLASS = YES_ERROR;
				CLANG_WARN_RANGE_LOOP_ANALYSIS = YES;
				CLANG_WARN_STRICT_PROTOTYPES = YES;
				CLANG_WARN_SUSPICIOUS_MOVE = YES;
				CLANG_WARN_UNGUARDED_AVAILABILITY = YES_AGGRESSIVE;
				CLANG_WARN_UNREACHABLE_CODE = YES;
				CLANG_WARN__DUPLICATE_METHOD_MATCH = YES;
				CODE_SIGN_IDENTITY = "-";
				COPY_PHASE_STRIP = NO;
				DEBUG_INFORMATION_FORMAT = dwarf;
				ENABLE_STRICT_OBJC_MSGSEND = YES;
				ENABLE_TESTABILITY = YES;
				GCC_C_LANGUAGE_STANDARD = gnu11;
				GCC_DYNAMIC_NO_PIC = NO;
				GCC_NO_COMMON_BLOCKS = YES;
				GCC_OPTIMIZATION_LEVEL = 0;
				GCC_PREPROCESSOR_DEFINITIONS = (
					"DEBUG=1",
					"$(inherited)",
				);
				GCC_WARN_64_TO_32_BIT_CONVERSION = YES;
				GCC_WARN_ABOUT_RETURN_TYPE = YES_ERROR;
				GCC_WARN_UNDECLARED_SELECTOR = YES;
				GCC_WARN_UNINITIALIZED_AUTOS = YES_AGGRESSIVE;
				GCC_WARN_UNUSED_FUNCTION = YES;
				GCC_WARN_UNUSED_VARIABLE = YES;
				MACOSX_DEPLOYMENT_TARGET = 10.14;
				MTL_ENABLE_DEBUG_INFO = INCLUDE_SOURCE;
				MTL_FAST_MATH = YES;
				ONLY_ACTIVE_ARCH = YES;
				SDKROOT = macosx;
			};
			name = Debug;
		};
		9500CAE021F30D0700505875 /* Release */ = {
			isa = XCBuildConfiguration;
			buildSettings = {
				ALWAYS_SEARCH_USER_PATHS = NO;
				CLANG_ANALYZER_NONNULL = YES;
				CLANG_ANALYZER_NUMBER_OBJECT_CONVERSION = YES_AGGRESSIVE;
				CLANG_CXX_LANGUAGE_STANDARD = "gnu++14";
				CLANG_CXX_LIBRARY = "libc++";
				CLANG_ENABLE_MODULES = YES;
				CLANG_ENABLE_OBJC_ARC = YES;
				CLANG_ENABLE_OBJC_WEAK = YES;
				CLANG_WARN_BLOCK_CAPTURE_AUTORELEASING = YES;
				CLANG_WARN_BOOL_CONVERSION = YES;
				CLANG_WARN_COMMA = YES;
				CLANG_WARN_CONSTANT_CONVERSION = YES;
				CLANG_WARN_DEPRECATED_OBJC_IMPLEMENTATIONS = YES;
				CLANG_WARN_DIRECT_OBJC_ISA_USAGE = YES_ERROR;
				CLANG_WARN_DOCUMENTATION_COMMENTS = YES;
				CLANG_WARN_EMPTY_BODY = YES;
				CLANG_WARN_ENUM_CONVERSION = YES;
				CLANG_WARN_INFINITE_RECURSION = YES;
				CLANG_WARN_INT_CONVERSION = YES;
				CLANG_WARN_NON_LITERAL_NULL_CONVERSION = YES;
				CLANG_WARN_OBJC_IMPLICIT_RETAIN_SELF = YES;
				CLANG_WARN_OBJC_LITERAL_CONVERSION = YES;
				CLANG_WARN_OBJC_ROOT_CLASS = YES_ERROR;
				CLANG_WARN_RANGE_LOOP_ANALYSIS = YES;
				CLANG_WARN_STRICT_PROTOTYPES = YES;
				CLANG_WARN_SUSPICIOUS_MOVE = YES;
				CLANG_WARN_UNGUARDED_AVAILABILITY = YES_AGGRESSIVE;
				CLANG_WARN_UNREACHABLE_CODE = YES;
				CLANG_WARN__DUPLICATE_METHOD_MATCH = YES;
				CODE_SIGN_IDENTITY = "-";
				COPY_PHASE_STRIP = NO;
				DEBUG_INFORMATION_FORMAT = "dwarf-with-dsym";
				ENABLE_NS_ASSERTIONS = NO;
				ENABLE_STRICT_OBJC_MSGSEND = YES;
				GCC_C_LANGUAGE_STANDARD = gnu11;
				GCC_NO_COMMON_BLOCKS = YES;
				GCC_WARN_64_TO_32_BIT_CONVERSION = YES;
				GCC_WARN_ABOUT_RETURN_TYPE = YES_ERROR;
				GCC_WARN_UNDECLARED_SELECTOR = YES;
				GCC_WARN_UNINITIALIZED_AUTOS = YES_AGGRESSIVE;
				GCC_WARN_UNUSED_FUNCTION = YES;
				GCC_WARN_UNUSED_VARIABLE = YES;
				MACOSX_DEPLOYMENT_TARGET = 10.14;
				MTL_ENABLE_DEBUG_INFO = NO;
				MTL_FAST_MATH = YES;
				SDKROOT = macosx;
			};
			name = Release;
		};
		9500CAE221F30D0700505875 /* Debug */ = {
			isa = XCBuildConfiguration;
			buildSettings = {
				CODE_SIGN_STYLE = Automatic;
				PRODUCT_NAME = "$(TARGET_NAME)";
			};
			name = Debug;
		};
		9500CAE321F30D0700505875 /* Release */ = {
			isa = XCBuildConfiguration;
			buildSettings = {
				CODE_SIGN_STYLE = Automatic;
				PRODUCT_NAME = "$(TARGET_NAME)";
			};
			name = Release;
		};
		9500CAED21F30DA400505875 /* Debug */ = {
			isa = XCBuildConfiguration;
			buildSettings = {
				CODE_SIGN_STYLE = Automatic;
				PRODUCT_NAME = "$(TARGET_NAME)";
			};
			name = Debug;
		};
		9500CAEE21F30DA400505875 /* Release */ = {
			isa = XCBuildConfiguration;
			buildSettings = {
				CODE_SIGN_STYLE = Automatic;
				PRODUCT_NAME = "$(TARGET_NAME)";
			};
			name = Release;
		};
		9500CB0E21F3112D00505875 /* Debug */ = {
			isa = XCBuildConfiguration;
			buildSettings = {
				CODE_SIGN_STYLE = Automatic;
				PRODUCT_NAME = "$(TARGET_NAME)";
			};
			name = Debug;
		};
		9500CB0F21F3112D00505875 /* Release */ = {
			isa = XCBuildConfiguration;
			buildSettings = {
				CODE_SIGN_STYLE = Automatic;
				PRODUCT_NAME = "$(TARGET_NAME)";
			};
			name = Release;
		};
		9500CB4721F3120E00505875 /* Debug */ = {
			isa = XCBuildConfiguration;
			buildSettings = {
				CODE_SIGN_STYLE = Automatic;
				PRODUCT_NAME = "$(TARGET_NAME)";
			};
			name = Debug;
		};
		9500CB4821F3120E00505875 /* Release */ = {
			isa = XCBuildConfiguration;
			buildSettings = {
				CODE_SIGN_STYLE = Automatic;
				PRODUCT_NAME = "$(TARGET_NAME)";
			};
			name = Release;
		};
		9500CB6721F3127300505875 /* Debug */ = {
			isa = XCBuildConfiguration;
			buildSettings = {
				CODE_SIGN_STYLE = Automatic;
				PRODUCT_NAME = "$(TARGET_NAME)";
			};
			name = Debug;
		};
		9500CB6821F3127300505875 /* Release */ = {
			isa = XCBuildConfiguration;
			buildSettings = {
				CODE_SIGN_STYLE = Automatic;
				PRODUCT_NAME = "$(TARGET_NAME)";
			};
			name = Release;
		};
		9500CB7621F312C600505875 /* Debug */ = {
			isa = XCBuildConfiguration;
			buildSettings = {
				CODE_SIGN_STYLE = Automatic;
				PRODUCT_NAME = "$(TARGET_NAME)";
			};
			name = Debug;
		};
		9500CB7721F312C600505875 /* Release */ = {
			isa = XCBuildConfiguration;
			buildSettings = {
				CODE_SIGN_STYLE = Automatic;
				PRODUCT_NAME = "$(TARGET_NAME)";
			};
			name = Release;
		};
		9500CB8821F3135900505875 /* Debug */ = {
			isa = XCBuildConfiguration;
			buildSettings = {
				CODE_SIGN_STYLE = Automatic;
				PRODUCT_NAME = "$(TARGET_NAME)";
			};
			name = Debug;
		};
		9500CB8921F3135900505875 /* Release */ = {
			isa = XCBuildConfiguration;
			buildSettings = {
				CODE_SIGN_STYLE = Automatic;
				PRODUCT_NAME = "$(TARGET_NAME)";
			};
			name = Release;
		};
		9500CB9E21F313C500505875 /* Debug */ = {
			isa = XCBuildConfiguration;
			buildSettings = {
				CODE_SIGN_STYLE = Automatic;
				PRODUCT_NAME = "$(TARGET_NAME)";
			};
			name = Debug;
		};
		9500CB9F21F313C500505875 /* Release */ = {
			isa = XCBuildConfiguration;
			buildSettings = {
				CODE_SIGN_STYLE = Automatic;
				PRODUCT_NAME = "$(TARGET_NAME)";
			};
			name = Release;
		};
/* End XCBuildConfiguration section */

/* Begin XCConfigurationList section */
		9500CAD521F30D0600505875 /* Build configuration list for PBXProject "sarcastic-Xcode" */ = {
			isa = XCConfigurationList;
			buildConfigurations = (
				9500CADF21F30D0700505875 /* Debug */,
				9500CAE021F30D0700505875 /* Release */,
			);
			defaultConfigurationIsVisible = 0;
			defaultConfigurationName = Release;
		};
		9500CAE121F30D0700505875 /* Build configuration list for PBXNativeTarget "sarcastic" */ = {
			isa = XCConfigurationList;
			buildConfigurations = (
				9500CAE221F30D0700505875 /* Debug */,
				9500CAE321F30D0700505875 /* Release */,
			);
			defaultConfigurationIsVisible = 0;
			defaultConfigurationName = Release;
		};
		9500CAEC21F30DA400505875 /* Build configuration list for PBXNativeTarget "colladaToPlyFile" */ = {
			isa = XCConfigurationList;
			buildConfigurations = (
				9500CAED21F30DA400505875 /* Debug */,
				9500CAEE21F30DA400505875 /* Release */,
			);
			defaultConfigurationIsVisible = 0;
			defaultConfigurationName = Release;
		};
		9500CB0D21F3112D00505875 /* Build configuration list for PBXNativeTarget "materialise" */ = {
			isa = XCConfigurationList;
			buildConfigurations = (
				9500CB0E21F3112D00505875 /* Debug */,
				9500CB0F21F3112D00505875 /* Release */,
			);
			defaultConfigurationIsVisible = 0;
			defaultConfigurationName = Release;
		};
		9500CB4621F3120E00505875 /* Build configuration list for PBXNativeTarget "bircs" */ = {
			isa = XCConfigurationList;
			buildConfigurations = (
				9500CB4721F3120E00505875 /* Debug */,
				9500CB4821F3120E00505875 /* Release */,
			);
			defaultConfigurationIsVisible = 0;
			defaultConfigurationName = Release;
		};
		9500CB6621F3127300505875 /* Build configuration list for PBXNativeTarget "cphdInfo" */ = {
			isa = XCConfigurationList;
			buildConfigurations = (
				9500CB6721F3127300505875 /* Debug */,
				9500CB6821F3127300505875 /* Release */,
			);
			defaultConfigurationIsVisible = 0;
			defaultConfigurationName = Release;
		};
		9500CB7521F312C600505875 /* Build configuration list for PBXNativeTarget "cphdShell" */ = {
			isa = XCConfigurationList;
			buildConfigurations = (
				9500CB7621F312C600505875 /* Debug */,
				9500CB7721F312C600505875 /* Release */,
			);
			defaultConfigurationIsVisible = 0;
			defaultConfigurationName = Release;
		};
		9500CB8721F3135900505875 /* Build configuration list for PBXNativeTarget "SARTrace" */ = {
			isa = XCConfigurationList;
			buildConfigurations = (
				9500CB8821F3135900505875 /* Debug */,
				9500CB8921F3135900505875 /* Release */,
			);
			defaultConfigurationIsVisible = 0;
			defaultConfigurationName = Release;
		};
		9500CB9D21F313C500505875 /* Build configuration list for PBXNativeTarget "tdpocl" */ = {
			isa = XCConfigurationList;
			buildConfigurations = (
				9500CB9E21F313C500505875 /* Debug */,
				9500CB9F21F313C500505875 /* Release */,
			);
			defaultConfigurationIsVisible = 0;
			defaultConfigurationName = Release;
		};
/* End XCConfigurationList section */
	};
	rootObject = 9500CAD221F30D0600505875 /* Project object */;
}
