// !$*UTF8*$!
{
	archiveVersion = 1;
	classes = {
	};
	objectVersion = 46;
	objects = {

/* Begin PBXBuildFile section */
		9504211A17A24F9400A076FC /* GOSS.1 in CopyFiles */ = {isa = PBXBuildFile; fileRef = 9504211917A24F9400A076FC /* GOSS.1 */; };
		9504214F17A4501A00A076FC /* GOSS.c in Sources */ = {isa = PBXBuildFile; fileRef = 9504214E17A4501A00A076FC /* GOSS.c */; };
		9504215817A453E300A076FC /* readKdTree.c in Sources */ = {isa = PBXBuildFile; fileRef = 9504215717A453E300A076FC /* readKdTree.c */; };
		9504215B17A453F100A076FC /* BuildRopesAndBoxes.c in Sources */ = {isa = PBXBuildFile; fileRef = 9504215A17A453F100A076FC /* BuildRopesAndBoxes.c */; };
		9504216217A4543000A076FC /* banner.c in Sources */ = {isa = PBXBuildFile; fileRef = 9504216117A4543000A076FC /* banner.c */; };
		9504216C17A4654D00A076FC /* TxPowerPerRay.c in Sources */ = {isa = PBXBuildFile; fileRef = 9504216A17A4654D00A076FC /* TxPowerPerRay.c */; };
		95339DA617AAFCF00007466A /* threadCore.c in Sources */ = {isa = PBXBuildFile; fileRef = 95339DA517AAFCF00007466A /* threadCore.c */; };
		95693B5F17E4D07400834C3A /* threadBeamForm.c in Sources */ = {isa = PBXBuildFile; fileRef = 95693B5E17E4D07400834C3A /* threadBeamForm.c */; };
		957B840617AD255E00B963DE /* libexpat.dylib in Frameworks */ = {isa = PBXBuildFile; fileRef = 957B840517AD255E00B963DE /* libexpat.dylib */; };
		957B840817AD25C600B963DE /* libreadline.dylib in Frameworks */ = {isa = PBXBuildFile; fileRef = 957B840717AD25C600B963DE /* libreadline.dylib */; };
		957B840A17AD25DA00B963DE /* OpenCL.framework in Frameworks */ = {isa = PBXBuildFile; fileRef = 957B840917AD25DA00B963DE /* OpenCL.framework */; };
		95BA790D17BE57190061162F /* main.c in Sources */ = {isa = PBXBuildFile; fileRef = 95BA790C17BE57190061162F /* main.c */; };
		95BA790F17BE57190061162F /* doublePrecisionTest.1 in CopyFiles */ = {isa = PBXBuildFile; fileRef = 95BA790E17BE57190061162F /* doublePrecisionTest.1 */; };
		95BA791317BE5AC40061162F /* OpenCL.framework in Frameworks */ = {isa = PBXBuildFile; fileRef = 957B840917AD25DA00B963DE /* OpenCL.framework */; };
		95BA792B17BECFFB0061162F /* libSIlib-0.4.6.a in Frameworks */ = {isa = PBXBuildFile; fileRef = 95BA792A17BECFFB0061162F /* libSIlib-0.4.6.a */; };
		95BA792C17BED0B50061162F /* libSIlib-0.4.6.a in Frameworks */ = {isa = PBXBuildFile; fileRef = 95BA792A17BECFFB0061162F /* libSIlib-0.4.6.a */; };
		95DB871917A8267200180864 /* getUserInput.c in Sources */ = {isa = PBXBuildFile; fileRef = 95DB871817A8267200180864 /* getUserInput.c */; };
		95E3E50317A9A31F0094496B /* ecef2SceneCoords.c in Sources */ = {isa = PBXBuildFile; fileRef = 95E3E50117A9A31F0094496B /* ecef2SceneCoords.c */; };
/* End PBXBuildFile section */

/* Begin PBXCopyFilesBuildPhase section */
		9504211117A24F9400A076FC /* CopyFiles */ = {
			isa = PBXCopyFilesBuildPhase;
			buildActionMask = 2147483647;
			dstPath = /usr/share/man/man1/;
			dstSubfolderSpec = 0;
			files = (
				9504211A17A24F9400A076FC /* GOSS.1 in CopyFiles */,
			);
			runOnlyForDeploymentPostprocessing = 1;
		};
		95BA790717BE57190061162F /* CopyFiles */ = {
			isa = PBXCopyFilesBuildPhase;
			buildActionMask = 2147483647;
			dstPath = /usr/share/man/man1/;
			dstSubfolderSpec = 0;
			files = (
				95BA790F17BE57190061162F /* doublePrecisionTest.1 in CopyFiles */,
			);
			runOnlyForDeploymentPostprocessing = 1;
		};
/* End PBXCopyFilesBuildPhase section */

/* Begin PBXFileReference section */
		9504211317A24F9400A076FC /* GOSS */ = {isa = PBXFileReference; explicitFileType = "compiled.mach-o.executable"; includeInIndex = 0; path = GOSS; sourceTree = BUILT_PRODUCTS_DIR; };
		9504211917A24F9400A076FC /* GOSS.1 */ = {isa = PBXFileReference; lastKnownFileType = text.man; path = GOSS.1; sourceTree = "<group>"; };
		9504214E17A4501A00A076FC /* GOSS.c */ = {isa = PBXFileReference; fileEncoding = 4; lastKnownFileType = sourcecode.c.c; path = GOSS.c; sourceTree = "<group>"; };
		9504215117A4502800A076FC /* GOSS.h */ = {isa = PBXFileReference; lastKnownFileType = sourcecode.c.h; path = GOSS.h; sourceTree = "<group>"; };
		9504215617A453E300A076FC /* readKdTree.h */ = {isa = PBXFileReference; fileEncoding = 4; lastKnownFileType = sourcecode.c.h; path = readKdTree.h; sourceTree = "<group>"; };
		9504215717A453E300A076FC /* readKdTree.c */ = {isa = PBXFileReference; fileEncoding = 4; lastKnownFileType = sourcecode.c.c; path = readKdTree.c; sourceTree = "<group>"; };
		9504215917A453F100A076FC /* BuildRopesAndBoxes.h */ = {isa = PBXFileReference; fileEncoding = 4; lastKnownFileType = sourcecode.c.h; path = BuildRopesAndBoxes.h; sourceTree = "<group>"; };
		9504215A17A453F100A076FC /* BuildRopesAndBoxes.c */ = {isa = PBXFileReference; fileEncoding = 4; lastKnownFileType = sourcecode.c.c; path = BuildRopesAndBoxes.c; sourceTree = "<group>"; };
		9504216117A4543000A076FC /* banner.c */ = {isa = PBXFileReference; fileEncoding = 4; lastKnownFileType = sourcecode.c.c; path = banner.c; sourceTree = "<group>"; };
		9504216817A454AA00A076FC /* GenGitVersion.sh */ = {isa = PBXFileReference; lastKnownFileType = text.script.sh; path = GenGitVersion.sh; sourceTree = "<group>"; };
		9504216A17A4654D00A076FC /* TxPowerPerRay.c */ = {isa = PBXFileReference; fileEncoding = 4; lastKnownFileType = sourcecode.c.c; path = TxPowerPerRay.c; sourceTree = "<group>"; };
		9504216B17A4654D00A076FC /* TxPowerPerRay.h */ = {isa = PBXFileReference; fileEncoding = 4; lastKnownFileType = sourcecode.c.h; path = TxPowerPerRay.h; sourceTree = "<group>"; };
		95339DA517AAFCF00007466A /* threadCore.c */ = {isa = PBXFileReference; fileEncoding = 4; lastKnownFileType = sourcecode.c.c; path = threadCore.c; sourceTree = "<group>"; };
		95693B5E17E4D07400834C3A /* threadBeamForm.c */ = {isa = PBXFileReference; fileEncoding = 4; lastKnownFileType = sourcecode.c.c; path = threadBeamForm.c; sourceTree = "<group>"; };
		957B840517AD255E00B963DE /* libexpat.dylib */ = {isa = PBXFileReference; lastKnownFileType = "compiled.mach-o.dylib"; name = libexpat.dylib; path = usr/lib/libexpat.dylib; sourceTree = SDKROOT; };
		957B840717AD25C600B963DE /* libreadline.dylib */ = {isa = PBXFileReference; lastKnownFileType = "compiled.mach-o.dylib"; name = libreadline.dylib; path = usr/lib/libreadline.dylib; sourceTree = SDKROOT; };
		957B840917AD25DA00B963DE /* OpenCL.framework */ = {isa = PBXFileReference; lastKnownFileType = wrapper.framework; name = OpenCL.framework; path = System/Library/Frameworks/OpenCL.framework; sourceTree = SDKROOT; };
		95BA790917BE57190061162F /* doublePrecisionTest */ = {isa = PBXFileReference; explicitFileType = "compiled.mach-o.executable"; includeInIndex = 0; path = doublePrecisionTest; sourceTree = BUILT_PRODUCTS_DIR; };
		95BA790C17BE57190061162F /* main.c */ = {isa = PBXFileReference; lastKnownFileType = sourcecode.c.c; path = main.c; sourceTree = "<group>"; };
		95BA790E17BE57190061162F /* doublePrecisionTest.1 */ = {isa = PBXFileReference; lastKnownFileType = text.man; path = doublePrecisionTest.1; sourceTree = "<group>"; };
		95BA792A17BECFFB0061162F /* libSIlib-0.4.6.a */ = {isa = PBXFileReference; lastKnownFileType = archive.ar; name = "libSIlib-0.4.6.a"; path = "../../../../usr/local/dstl/lib/libSIlib-0.4.6.a"; sourceTree = "<group>"; };
		95DB871817A8267200180864 /* getUserInput.c */ = {isa = PBXFileReference; fileEncoding = 4; lastKnownFileType = sourcecode.c.c; path = getUserInput.c; sourceTree = "<group>"; };
		95E3E50117A9A31F0094496B /* ecef2SceneCoords.c */ = {isa = PBXFileReference; fileEncoding = 4; lastKnownFileType = sourcecode.c.c; path = ecef2SceneCoords.c; sourceTree = "<group>"; };
		95E3E50217A9A31F0094496B /* ecef2SceneCoords.h */ = {isa = PBXFileReference; fileEncoding = 4; lastKnownFileType = sourcecode.c.h; path = ecef2SceneCoords.h; sourceTree = "<group>"; };
		95E3E50817AA58110094496B /* GOSSKernelCode.cl */ = {isa = PBXFileReference; lastKnownFileType = sourcecode.opencl; path = GOSSKernelCode.cl; sourceTree = "<group>"; };
/* End PBXFileReference section */

/* Begin PBXFrameworksBuildPhase section */
		9504211017A24F9400A076FC /* Frameworks */ = {
			isa = PBXFrameworksBuildPhase;
			buildActionMask = 2147483647;
			files = (
				95BA792C17BED0B50061162F /* libSIlib-0.4.6.a in Frameworks */,
				957B840A17AD25DA00B963DE /* OpenCL.framework in Frameworks */,
				957B840817AD25C600B963DE /* libreadline.dylib in Frameworks */,
				957B840617AD255E00B963DE /* libexpat.dylib in Frameworks */,
			);
			runOnlyForDeploymentPostprocessing = 0;
		};
		95BA790617BE57190061162F /* Frameworks */ = {
			isa = PBXFrameworksBuildPhase;
			buildActionMask = 2147483647;
			files = (
				95BA792B17BECFFB0061162F /* libSIlib-0.4.6.a in Frameworks */,
				95BA791317BE5AC40061162F /* OpenCL.framework in Frameworks */,
			);
			runOnlyForDeploymentPostprocessing = 0;
		};
/* End PBXFrameworksBuildPhase section */

/* Begin PBXGroup section */
		9504210817A24F9400A076FC = {
			isa = PBXGroup;
			children = (
				95BA792A17BECFFB0061162F /* libSIlib-0.4.6.a */,
				957B840917AD25DA00B963DE /* OpenCL.framework */,
				957B840717AD25C600B963DE /* libreadline.dylib */,
				957B840517AD255E00B963DE /* libexpat.dylib */,
				9504211617A24F9400A076FC /* GOSS */,
				95BA790B17BE57190061162F /* doublePrecisionTest */,
				9504211417A24F9400A076FC /* Products */,
			);
			sourceTree = "<group>";
		};
		9504211417A24F9400A076FC /* Products */ = {
			isa = PBXGroup;
			children = (
				9504211317A24F9400A076FC /* GOSS */,
				95BA790917BE57190061162F /* doublePrecisionTest */,
			);
			name = Products;
			sourceTree = "<group>";
		};
		9504211617A24F9400A076FC /* GOSS */ = {
			isa = PBXGroup;
			children = (
				95E3E50817AA58110094496B /* GOSSKernelCode.cl */,
				9504216817A454AA00A076FC /* GenGitVersion.sh */,
				9504214E17A4501A00A076FC /* GOSS.c */,
				95339DA517AAFCF00007466A /* threadCore.c */,
				95693B5E17E4D07400834C3A /* threadBeamForm.c */,
				9504215117A4502800A076FC /* GOSS.h */,
				95DB871817A8267200180864 /* getUserInput.c */,
				9504215617A453E300A076FC /* readKdTree.h */,
				9504215717A453E300A076FC /* readKdTree.c */,
				9504215917A453F100A076FC /* BuildRopesAndBoxes.h */,
				9504215A17A453F100A076FC /* BuildRopesAndBoxes.c */,
				9504216117A4543000A076FC /* banner.c */,
				9504216A17A4654D00A076FC /* TxPowerPerRay.c */,
				9504216B17A4654D00A076FC /* TxPowerPerRay.h */,
				95E3E50117A9A31F0094496B /* ecef2SceneCoords.c */,
				95E3E50217A9A31F0094496B /* ecef2SceneCoords.h */,
				9504211917A24F9400A076FC /* GOSS.1 */,
			);
			path = GOSS;
			sourceTree = "<group>";
		};
		95BA790B17BE57190061162F /* doublePrecisionTest */ = {
			isa = PBXGroup;
			children = (
				95BA790C17BE57190061162F /* main.c */,
				95BA790E17BE57190061162F /* doublePrecisionTest.1 */,
			);
			path = doublePrecisionTest;
			sourceTree = "<group>";
		};
/* End PBXGroup section */

/* Begin PBXNativeTarget section */
		9504211217A24F9400A076FC /* GOSS */ = {
			isa = PBXNativeTarget;
			buildConfigurationList = 9504211D17A24F9400A076FC /* Build configuration list for PBXNativeTarget "GOSS" */;
			buildPhases = (
				9504216917A454D000A076FC /* ShellScript */,
				9504210F17A24F9400A076FC /* Sources */,
				9504211017A24F9400A076FC /* Frameworks */,
				9504211117A24F9400A076FC /* CopyFiles */,
			);
			buildRules = (
			);
			dependencies = (
			);
			name = GOSS;
			productName = GOSS;
			productReference = 9504211317A24F9400A076FC /* GOSS */;
			productType = "com.apple.product-type.tool";
		};
		95BA790817BE57190061162F /* doublePrecisionTest */ = {
			isa = PBXNativeTarget;
			buildConfigurationList = 95BA791017BE57190061162F /* Build configuration list for PBXNativeTarget "doublePrecisionTest" */;
			buildPhases = (
				95BA790517BE57190061162F /* Sources */,
				95BA790617BE57190061162F /* Frameworks */,
				95BA790717BE57190061162F /* CopyFiles */,
			);
			buildRules = (
			);
			dependencies = (
			);
			name = doublePrecisionTest;
			productName = doublePrecisionTest;
			productReference = 95BA790917BE57190061162F /* doublePrecisionTest */;
			productType = "com.apple.product-type.tool";
		};
/* End PBXNativeTarget section */

/* Begin PBXProject section */
		9504210A17A24F9400A076FC /* Project object */ = {
			isa = PBXProject;
			attributes = {
				LastUpgradeCheck = 0450;
				ORGANIZATIONNAME = Dstl;
			};
			buildConfigurationList = 9504210D17A24F9400A076FC /* Build configuration list for PBXProject "GOSS" */;
			compatibilityVersion = "Xcode 3.2";
			developmentRegion = English;
			hasScannedForEncodings = 0;
			knownRegions = (
				en,
			);
			mainGroup = 9504210817A24F9400A076FC;
			productRefGroup = 9504211417A24F9400A076FC /* Products */;
			projectDirPath = "";
			projectRoot = "";
			targets = (
				9504211217A24F9400A076FC /* GOSS */,
				95BA790817BE57190061162F /* doublePrecisionTest */,
			);
		};
/* End PBXProject section */

/* Begin PBXShellScriptBuildPhase section */
		9504216917A454D000A076FC /* ShellScript */ = {
			isa = PBXShellScriptBuildPhase;
			buildActionMask = 2147483647;
			files = (
			);
			inputPaths = (
			);
			outputPaths = (
			);
			runOnlyForDeploymentPostprocessing = 0;
			shellPath = /bin/sh;
			shellScript = "cd ${PROJECT_DIR}/GOSS ; ./GenGitVersion.sh\n";
		};
/* End PBXShellScriptBuildPhase section */

/* Begin PBXSourcesBuildPhase section */
		9504210F17A24F9400A076FC /* Sources */ = {
			isa = PBXSourcesBuildPhase;
			buildActionMask = 2147483647;
			files = (
				9504214F17A4501A00A076FC /* GOSS.c in Sources */,
				9504215817A453E300A076FC /* readKdTree.c in Sources */,
				9504215B17A453F100A076FC /* BuildRopesAndBoxes.c in Sources */,
				9504216217A4543000A076FC /* banner.c in Sources */,
				9504216C17A4654D00A076FC /* TxPowerPerRay.c in Sources */,
				95DB871917A8267200180864 /* getUserInput.c in Sources */,
				95E3E50317A9A31F0094496B /* ecef2SceneCoords.c in Sources */,
				95339DA617AAFCF00007466A /* threadCore.c in Sources */,
				95693B5F17E4D07400834C3A /* threadBeamForm.c in Sources */,
			);
			runOnlyForDeploymentPostprocessing = 0;
		};
		95BA790517BE57190061162F /* Sources */ = {
			isa = PBXSourcesBuildPhase;
			buildActionMask = 2147483647;
			files = (
				95BA790D17BE57190061162F /* main.c in Sources */,
			);
			runOnlyForDeploymentPostprocessing = 0;
		};
/* End PBXSourcesBuildPhase section */

/* Begin XCBuildConfiguration section */
		9504211B17A24F9400A076FC /* Debug */ = {
			isa = XCBuildConfiguration;
			buildSettings = {
				ALWAYS_SEARCH_USER_PATHS = NO;
				ARCHS = "$(ARCHS_STANDARD_64_BIT)";
				CLANG_CXX_LANGUAGE_STANDARD = "gnu++0x";
				CLANG_CXX_LIBRARY = "libc++";
				CLANG_WARN_EMPTY_BODY = YES;
				CLANG_WARN__DUPLICATE_METHOD_MATCH = YES;
				COPY_PHASE_STRIP = NO;
				GCC_C_LANGUAGE_STANDARD = gnu99;
				GCC_DYNAMIC_NO_PIC = NO;
				GCC_ENABLE_OBJC_EXCEPTIONS = YES;
				GCC_OPTIMIZATION_LEVEL = 0;
				GCC_PREPROCESSOR_DEFINITIONS = (
					"DEBUG=1",
					"$(inherited)",
				);
				GCC_SYMBOLS_PRIVATE_EXTERN = NO;
				GCC_WARN_64_TO_32_BIT_CONVERSION = YES;
				GCC_WARN_ABOUT_RETURN_TYPE = YES;
				GCC_WARN_UNINITIALIZED_AUTOS = YES;
				GCC_WARN_UNUSED_VARIABLE = YES;
				HEADER_SEARCH_PATHS = (
					/usr/local/include,
					/usr/local/dstl/include/SIlib,
				);
				LIBRARY_SEARCH_PATHS = (
					/usr/local/lib,
					/usr/local/dstl/lib,
				);
				MACOSX_DEPLOYMENT_TARGET = 10.8;
				ONLY_ACTIVE_ARCH = YES;
				SDKROOT = macosx;
			};
			name = Debug;
		};
		9504211C17A24F9400A076FC /* Release */ = {
			isa = XCBuildConfiguration;
			buildSettings = {
				ALWAYS_SEARCH_USER_PATHS = NO;
				ARCHS = "$(ARCHS_STANDARD_64_BIT)";
				CLANG_CXX_LANGUAGE_STANDARD = "gnu++0x";
				CLANG_CXX_LIBRARY = "libc++";
				CLANG_WARN_EMPTY_BODY = YES;
				CLANG_WARN__DUPLICATE_METHOD_MATCH = YES;
				COPY_PHASE_STRIP = YES;
				DEBUG_INFORMATION_FORMAT = "dwarf-with-dsym";
				GCC_C_LANGUAGE_STANDARD = gnu99;
				GCC_ENABLE_OBJC_EXCEPTIONS = YES;
				GCC_WARN_64_TO_32_BIT_CONVERSION = YES;
				GCC_WARN_ABOUT_RETURN_TYPE = YES;
				GCC_WARN_UNINITIALIZED_AUTOS = YES;
				GCC_WARN_UNUSED_VARIABLE = YES;
				HEADER_SEARCH_PATHS = (
					/usr/local/include,
					/usr/local/dstl/include/SIlib,
				);
				LIBRARY_SEARCH_PATHS = (
					/usr/local/lib,
					/usr/local/dstl/lib,
				);
				MACOSX_DEPLOYMENT_TARGET = 10.8;
				SDKROOT = macosx;
			};
			name = Release;
		};
		9504211E17A24F9400A076FC /* Debug */ = {
			isa = XCBuildConfiguration;
			buildSettings = {
				LIBRARY_SEARCH_PATHS = (
					"$(inherited)",
					/usr/local/dstl/lib,
				);
				PRODUCT_NAME = "$(TARGET_NAME)";
			};
			name = Debug;
		};
		9504211F17A24F9400A076FC /* Release */ = {
			isa = XCBuildConfiguration;
			buildSettings = {
				LIBRARY_SEARCH_PATHS = (
					"$(inherited)",
					/usr/local/dstl/lib,
				);
				PRODUCT_NAME = "$(TARGET_NAME)";
			};
			name = Release;
		};
		95BA791117BE57190061162F /* Debug */ = {
			isa = XCBuildConfiguration;
			buildSettings = {
				LIBRARY_SEARCH_PATHS = (
					"$(inherited)",
					/usr/local/dstl/lib,
				);
				PRODUCT_NAME = "$(TARGET_NAME)";
			};
			name = Debug;
		};
		95BA791217BE57190061162F /* Release */ = {
			isa = XCBuildConfiguration;
			buildSettings = {
				LIBRARY_SEARCH_PATHS = (
					"$(inherited)",
					/usr/local/dstl/lib,
				);
				PRODUCT_NAME = "$(TARGET_NAME)";
			};
			name = Release;
		};
/* End XCBuildConfiguration section */

/* Begin XCConfigurationList section */
		9504210D17A24F9400A076FC /* Build configuration list for PBXProject "GOSS" */ = {
			isa = XCConfigurationList;
			buildConfigurations = (
				9504211B17A24F9400A076FC /* Debug */,
				9504211C17A24F9400A076FC /* Release */,
			);
			defaultConfigurationIsVisible = 0;
			defaultConfigurationName = Release;
		};
		9504211D17A24F9400A076FC /* Build configuration list for PBXNativeTarget "GOSS" */ = {
			isa = XCConfigurationList;
			buildConfigurations = (
				9504211E17A24F9400A076FC /* Debug */,
				9504211F17A24F9400A076FC /* Release */,
			);
			defaultConfigurationIsVisible = 0;
			defaultConfigurationName = Release;
		};
		95BA791017BE57190061162F /* Build configuration list for PBXNativeTarget "doublePrecisionTest" */ = {
			isa = XCConfigurationList;
			buildConfigurations = (
				95BA791117BE57190061162F /* Debug */,
				95BA791217BE57190061162F /* Release */,
			);
			defaultConfigurationIsVisible = 0;
			defaultConfigurationName = Release;
		};
/* End XCConfigurationList section */
	};
	rootObject = 9504210A17A24F9400A076FC /* Project object */;
}
